
Microsoft Visual Studio Solution File, Format Version 12.00
# Visual Studio Version 17
VisualStudioVersion = 17.3.32804.467
MinimumVisualStudioVersion = 10.0.40219.1
Project("{FAE04EC0-301F-11D3-BF4B-00C04F79EFBC}") = "WhatsAppAutomator", "WhatsAppAutomator.csproj", "{80DAAC1B-0C28-4AF9-8CE6-A24980648C9B}"
EndProject
Global
	GlobalSection(SolutionConfigurationPlatforms) = preSolution
		Debug|Any CPU = Debug|Any CPU
		Release|Any CPU = Release|Any CPU
	EndGlobalSection
	GlobalSection(ProjectConfigurationPlatforms) = postSolution
		{80DAAC1B-0C28-4AF9-8CE6-A24980648C9B}.Debug|Any CPU.ActiveCfg = Debug|Any CPU
		{80DAAC1B-0C28-4AF9-8CE6-A24980648C9B}.Debug|Any CPU.Build.0 = Debug|Any CPU
		{80DAAC1B-0C28-4AF9-8CE6-A24980648C9B}.Release|Any CPU.ActiveCfg = Release|Any CPU
		{80DAAC1B-0C28-4AF9-8CE6-A24980648C9B}.Release|Any CPU.Build.0 = Release|Any CPU
	EndGlobalSection
	GlobalSection(SolutionProperties) = preSolution
		HideSolutionNode = FALSE
	EndGlobalSection
	GlobalSection(ExtensibilityGlobals) = postSolution
		SolutionGuid = {74BC4483-FED6-47DB-8109-25DABCFCC090}
	EndGlobalSection
EndGlobal
